
Microsoft Visual Studio Solution File, Format Version 12.00
# Visual Studio 15
VisualStudioVersion = 15.0.26730.15
MinimumVisualStudioVersion = 10.0.40219.1
Project("{FAE04EC0-301F-11D3-BF4B-00C04F79EFBC}") = "ConsoleApp1", "ConsoleApp1\ConsoleApp1.csproj", "{B8146203-0F75-4AD0-B6FB-3BF67C8790B2}"
EndProject
Project("{FAE04EC0-301F-11D3-BF4B-00C04F79EFBC}") = "Enumerable", "Enumerable\Enumerable.csproj", "{119E2B44-2478-42A1-865E-37A4E3F663D9}"
EndProject
Project("{FAE04EC0-301F-11D3-BF4B-00C04F79EFBC}") = "Codewars", "Codewars\Codewars.csproj", "{CD5BA02F-B7C9-4205-B79D-B285FBEAB757}"
EndProject
Project("{FAE04EC0-301F-11D3-BF4B-00C04F79EFBC}") = "AMC", "AMC\AMC.csproj", "{E8AD3304-509B-4336-973E-41CA8E7D23B8}"
EndProject
Project("{FAE04EC0-301F-11D3-BF4B-00C04F79EFBC}") = "Compare", "Compare\Compare.csproj", "{B1222526-C4B9-47C2-804E-220CFF2B1F58}"
EndProject
Project("{FAE04EC0-301F-11D3-BF4B-00C04F79EFBC}") = "DatesIOAndProperties", "DatesIOAndProperties\DatesIOAndProperties.csproj", "{38F3D96B-450D-40F8-A37E-BFBA7C8703EE}"
EndProject
Project("{FAE04EC0-301F-11D3-BF4B-00C04F79EFBC}") = "PolymorphismInterfaces", "PolymorphismInterfaces\PolymorphismInterfaces.csproj", "{7AE58B63-F3C2-420E-A439-80FD3C138399}"
EndProject
Project("{FAE04EC0-301F-11D3-BF4B-00C04F79EFBC}") = "Delegates", "Delegates\Delegates.csproj", "{12438A89-4B19-46C2-968F-BB21A346EBAB}"
EndProject
Project("{FAE04EC0-301F-11D3-BF4B-00C04F79EFBC}") = "RegEx - in progress", "RegularExpresions\RegEx - in progress.csproj", "{12857EC8-0087-4C90-82E6-322D7BC4D8D2}"
EndProject
Project("{FAE04EC0-301F-11D3-BF4B-00C04F79EFBC}") = "HtmlToXAML", "HtmlToXAML\HtmlToXAML.csproj", "{0E6D2F45-CBC6-4D2B-BC66-06EA9C79ECE4}"
EndProject
Project("{FAE04EC0-301F-11D3-BF4B-00C04F79EFBC}") = "Events", "Events\Events.csproj", "{1ADCA939-4546-48FC-9294-C2073E3294FE}"
EndProject
Global
	GlobalSection(SolutionConfigurationPlatforms) = preSolution
		Debug|Any CPU = Debug|Any CPU
		Release|Any CPU = Release|Any CPU
	EndGlobalSection
	GlobalSection(ProjectConfigurationPlatforms) = postSolution
		{B8146203-0F75-4AD0-B6FB-3BF67C8790B2}.Debug|Any CPU.ActiveCfg = Debug|Any CPU
		{B8146203-0F75-4AD0-B6FB-3BF67C8790B2}.Debug|Any CPU.Build.0 = Debug|Any CPU
		{B8146203-0F75-4AD0-B6FB-3BF67C8790B2}.Release|Any CPU.ActiveCfg = Release|Any CPU
		{B8146203-0F75-4AD0-B6FB-3BF67C8790B2}.Release|Any CPU.Build.0 = Release|Any CPU
		{119E2B44-2478-42A1-865E-37A4E3F663D9}.Debug|Any CPU.ActiveCfg = Debug|Any CPU
		{119E2B44-2478-42A1-865E-37A4E3F663D9}.Debug|Any CPU.Build.0 = Debug|Any CPU
		{119E2B44-2478-42A1-865E-37A4E3F663D9}.Release|Any CPU.ActiveCfg = Release|Any CPU
		{119E2B44-2478-42A1-865E-37A4E3F663D9}.Release|Any CPU.Build.0 = Release|Any CPU
		{CD5BA02F-B7C9-4205-B79D-B285FBEAB757}.Debug|Any CPU.ActiveCfg = Debug|Any CPU
		{CD5BA02F-B7C9-4205-B79D-B285FBEAB757}.Debug|Any CPU.Build.0 = Debug|Any CPU
		{CD5BA02F-B7C9-4205-B79D-B285FBEAB757}.Release|Any CPU.ActiveCfg = Release|Any CPU
		{CD5BA02F-B7C9-4205-B79D-B285FBEAB757}.Release|Any CPU.Build.0 = Release|Any CPU
		{E8AD3304-509B-4336-973E-41CA8E7D23B8}.Debug|Any CPU.ActiveCfg = Debug|Any CPU
		{E8AD3304-509B-4336-973E-41CA8E7D23B8}.Debug|Any CPU.Build.0 = Debug|Any CPU
		{E8AD3304-509B-4336-973E-41CA8E7D23B8}.Release|Any CPU.ActiveCfg = Release|Any CPU
		{E8AD3304-509B-4336-973E-41CA8E7D23B8}.Release|Any CPU.Build.0 = Release|Any CPU
		{B1222526-C4B9-47C2-804E-220CFF2B1F58}.Debug|Any CPU.ActiveCfg = Debug|Any CPU
		{B1222526-C4B9-47C2-804E-220CFF2B1F58}.Debug|Any CPU.Build.0 = Debug|Any CPU
		{B1222526-C4B9-47C2-804E-220CFF2B1F58}.Release|Any CPU.ActiveCfg = Release|Any CPU
		{B1222526-C4B9-47C2-804E-220CFF2B1F58}.Release|Any CPU.Build.0 = Release|Any CPU
		{38F3D96B-450D-40F8-A37E-BFBA7C8703EE}.Debug|Any CPU.ActiveCfg = Debug|Any CPU
		{38F3D96B-450D-40F8-A37E-BFBA7C8703EE}.Debug|Any CPU.Build.0 = Debug|Any CPU
		{38F3D96B-450D-40F8-A37E-BFBA7C8703EE}.Release|Any CPU.ActiveCfg = Release|Any CPU
		{38F3D96B-450D-40F8-A37E-BFBA7C8703EE}.Release|Any CPU.Build.0 = Release|Any CPU
		{7AE58B63-F3C2-420E-A439-80FD3C138399}.Debug|Any CPU.ActiveCfg = Debug|Any CPU
		{7AE58B63-F3C2-420E-A439-80FD3C138399}.Debug|Any CPU.Build.0 = Debug|Any CPU
		{7AE58B63-F3C2-420E-A439-80FD3C138399}.Release|Any CPU.ActiveCfg = Release|Any CPU
		{7AE58B63-F3C2-420E-A439-80FD3C138399}.Release|Any CPU.Build.0 = Release|Any CPU
		{12438A89-4B19-46C2-968F-BB21A346EBAB}.Debug|Any CPU.ActiveCfg = Debug|Any CPU
		{12438A89-4B19-46C2-968F-BB21A346EBAB}.Debug|Any CPU.Build.0 = Debug|Any CPU
		{12438A89-4B19-46C2-968F-BB21A346EBAB}.Release|Any CPU.ActiveCfg = Release|Any CPU
		{12438A89-4B19-46C2-968F-BB21A346EBAB}.Release|Any CPU.Build.0 = Release|Any CPU
		{12857EC8-0087-4C90-82E6-322D7BC4D8D2}.Debug|Any CPU.ActiveCfg = Debug|Any CPU
		{12857EC8-0087-4C90-82E6-322D7BC4D8D2}.Debug|Any CPU.Build.0 = Debug|Any CPU
		{12857EC8-0087-4C90-82E6-322D7BC4D8D2}.Release|Any CPU.ActiveCfg = Release|Any CPU
		{12857EC8-0087-4C90-82E6-322D7BC4D8D2}.Release|Any CPU.Build.0 = Release|Any CPU
		{0E6D2F45-CBC6-4D2B-BC66-06EA9C79ECE4}.Debug|Any CPU.ActiveCfg = Debug|Any CPU
		{0E6D2F45-CBC6-4D2B-BC66-06EA9C79ECE4}.Debug|Any CPU.Build.0 = Debug|Any CPU
		{0E6D2F45-CBC6-4D2B-BC66-06EA9C79ECE4}.Release|Any CPU.ActiveCfg = Release|Any CPU
		{0E6D2F45-CBC6-4D2B-BC66-06EA9C79ECE4}.Release|Any CPU.Build.0 = Release|Any CPU
		{1ADCA939-4546-48FC-9294-C2073E3294FE}.Debug|Any CPU.ActiveCfg = Debug|Any CPU
		{1ADCA939-4546-48FC-9294-C2073E3294FE}.Debug|Any CPU.Build.0 = Debug|Any CPU
		{1ADCA939-4546-48FC-9294-C2073E3294FE}.Release|Any CPU.ActiveCfg = Release|Any CPU
		{1ADCA939-4546-48FC-9294-C2073E3294FE}.Release|Any CPU.Build.0 = Release|Any CPU
	EndGlobalSection
	GlobalSection(SolutionProperties) = preSolution
		HideSolutionNode = FALSE
	EndGlobalSection
	GlobalSection(ExtensibilityGlobals) = postSolution
		SolutionGuid = {2F1DA245-7D7D-4A09-8266-C7DA6F9B9767}
	EndGlobalSection
EndGlobal
